// !$*UTF8*$!
{
	archiveVersion = 1;
	classes = {
	};
	objectVersion = 46;
	objects = {

/* Begin PBXBuildFile section */
		560A239D1B2078D90E53F4CB /* Pods_Blind_BiteTests.framework in Frameworks */ = {isa = PBXBuildFile; fileRef = AADCD62938D072BAB884C6A5 /* Pods_Blind_BiteTests.framework */; };
		CE3EB4E51F02024C004D1782 /* AppDelegate.swift in Sources */ = {isa = PBXBuildFile; fileRef = CE3EB4E41F02024C004D1782 /* AppDelegate.swift */; };
		CE3EB4E71F02024C004D1782 /* ViewController.swift in Sources */ = {isa = PBXBuildFile; fileRef = CE3EB4E61F02024C004D1782 /* ViewController.swift */; };
		CE3EB4EA1F02024C004D1782 /* Main.storyboard in Resources */ = {isa = PBXBuildFile; fileRef = CE3EB4E81F02024C004D1782 /* Main.storyboard */; };
		CE3EB4EC1F02024C004D1782 /* Assets.xcassets in Resources */ = {isa = PBXBuildFile; fileRef = CE3EB4EB1F02024C004D1782 /* Assets.xcassets */; };
		CE3EB4EF1F02024C004D1782 /* LaunchScreen.storyboard in Resources */ = {isa = PBXBuildFile; fileRef = CE3EB4ED1F02024C004D1782 /* LaunchScreen.storyboard */; };
		CE3EB4FA1F02024C004D1782 /* Blind_BiteTests.swift in Sources */ = {isa = PBXBuildFile; fileRef = CE3EB4F91F02024C004D1782 /* Blind_BiteTests.swift */; };
		CE3EB5051F02024C004D1782 /* Blind_BiteUITests.swift in Sources */ = {isa = PBXBuildFile; fileRef = CE3EB5041F02024C004D1782 /* Blind_BiteUITests.swift */; };
		CE58FEAD1F2850D6004B38A0 /* GoogleService-Info.plist in Resources */ = {isa = PBXBuildFile; fileRef = CE58FEAC1F2850D6004B38A0 /* GoogleService-Info.plist */; };
		E46F11FDCAC76281D24958D7 /* Pods_Blind_BiteUITests.framework in Frameworks */ = {isa = PBXBuildFile; fileRef = A9215407F407F95197DC311C /* Pods_Blind_BiteUITests.framework */; };
		E62B85F23202081F8E4AE20E /* Pods_Blind_Bite.framework in Frameworks */ = {isa = PBXBuildFile; fileRef = 9C49ECCA5929A7B3115B0BE1 /* Pods_Blind_Bite.framework */; };
/* End PBXBuildFile section */

/* Begin PBXContainerItemProxy section */
		CE3EB4F61F02024C004D1782 /* PBXContainerItemProxy */ = {
			isa = PBXContainerItemProxy;
			containerPortal = CE3EB4D91F02024C004D1782 /* Project object */;
			proxyType = 1;
			remoteGlobalIDString = CE3EB4E01F02024C004D1782;
			remoteInfo = "Blind Bite";
		};
		CE3EB5011F02024C004D1782 /* PBXContainerItemProxy */ = {
			isa = PBXContainerItemProxy;
			containerPortal = CE3EB4D91F02024C004D1782 /* Project object */;
			proxyType = 1;
			remoteGlobalIDString = CE3EB4E01F02024C004D1782;
			remoteInfo = "Blind Bite";
		};
/* End PBXContainerItemProxy section */

/* Begin PBXFileReference section */
		05F468D42118A6DF8250A3EC /* Pods-Blind Bite.debug.xcconfig */ = {isa = PBXFileReference; includeInIndex = 1; lastKnownFileType = text.xcconfig; name = "Pods-Blind Bite.debug.xcconfig"; path = "Pods/Target Support Files/Pods-Blind Bite/Pods-Blind Bite.debug.xcconfig"; sourceTree = "<group>"; };
		0D8F815872BAC2BDF199A7A8 /* Pods-Blind BiteTests.release.xcconfig */ = {isa = PBXFileReference; includeInIndex = 1; lastKnownFileType = text.xcconfig; name = "Pods-Blind BiteTests.release.xcconfig"; path = "Pods/Target Support Files/Pods-Blind BiteTests/Pods-Blind BiteTests.release.xcconfig"; sourceTree = "<group>"; };
		8862CD817A92FEDC4CD16DD9 /* Pods-Blind BiteUITests.debug.xcconfig */ = {isa = PBXFileReference; includeInIndex = 1; lastKnownFileType = text.xcconfig; name = "Pods-Blind BiteUITests.debug.xcconfig"; path = "Pods/Target Support Files/Pods-Blind BiteUITests/Pods-Blind BiteUITests.debug.xcconfig"; sourceTree = "<group>"; };
		8B63A228E2ECF566DDFF7DD2 /* Pods-Blind BiteUITests.release.xcconfig */ = {isa = PBXFileReference; includeInIndex = 1; lastKnownFileType = text.xcconfig; name = "Pods-Blind BiteUITests.release.xcconfig"; path = "Pods/Target Support Files/Pods-Blind BiteUITests/Pods-Blind BiteUITests.release.xcconfig"; sourceTree = "<group>"; };
		9C49ECCA5929A7B3115B0BE1 /* Pods_Blind_Bite.framework */ = {isa = PBXFileReference; explicitFileType = wrapper.framework; includeInIndex = 0; path = Pods_Blind_Bite.framework; sourceTree = BUILT_PRODUCTS_DIR; };
		A252B8BDF54ED6E4AC69A119 /* Pods-Blind Bite.release.xcconfig */ = {isa = PBXFileReference; includeInIndex = 1; lastKnownFileType = text.xcconfig; name = "Pods-Blind Bite.release.xcconfig"; path = "Pods/Target Support Files/Pods-Blind Bite/Pods-Blind Bite.release.xcconfig"; sourceTree = "<group>"; };
		A9215407F407F95197DC311C /* Pods_Blind_BiteUITests.framework */ = {isa = PBXFileReference; explicitFileType = wrapper.framework; includeInIndex = 0; path = Pods_Blind_BiteUITests.framework; sourceTree = BUILT_PRODUCTS_DIR; };
		AADCD62938D072BAB884C6A5 /* Pods_Blind_BiteTests.framework */ = {isa = PBXFileReference; explicitFileType = wrapper.framework; includeInIndex = 0; path = Pods_Blind_BiteTests.framework; sourceTree = BUILT_PRODUCTS_DIR; };
		BC42535F82F613F78EEBD96E /* Pods-Blind BiteTests.debug.xcconfig */ = {isa = PBXFileReference; includeInIndex = 1; lastKnownFileType = text.xcconfig; name = "Pods-Blind BiteTests.debug.xcconfig"; path = "Pods/Target Support Files/Pods-Blind BiteTests/Pods-Blind BiteTests.debug.xcconfig"; sourceTree = "<group>"; };
		CE3EB4E11F02024C004D1782 /* Blind Bite.app */ = {isa = PBXFileReference; explicitFileType = wrapper.application; includeInIndex = 0; path = "Blind Bite.app"; sourceTree = BUILT_PRODUCTS_DIR; };
		CE3EB4E41F02024C004D1782 /* AppDelegate.swift */ = {isa = PBXFileReference; lastKnownFileType = sourcecode.swift; path = AppDelegate.swift; sourceTree = "<group>"; };
		CE3EB4E61F02024C004D1782 /* ViewController.swift */ = {isa = PBXFileReference; lastKnownFileType = sourcecode.swift; path = ViewController.swift; sourceTree = "<group>"; };
		CE3EB4E91F02024C004D1782 /* Base */ = {isa = PBXFileReference; lastKnownFileType = file.storyboard; name = Base; path = Base.lproj/Main.storyboard; sourceTree = "<group>"; };
		CE3EB4EB1F02024C004D1782 /* Assets.xcassets */ = {isa = PBXFileReference; lastKnownFileType = folder.assetcatalog; path = Assets.xcassets; sourceTree = "<group>"; };
		CE3EB4EE1F02024C004D1782 /* Base */ = {isa = PBXFileReference; lastKnownFileType = file.storyboard; name = Base; path = Base.lproj/LaunchScreen.storyboard; sourceTree = "<group>"; };
		CE3EB4F01F02024C004D1782 /* Info.plist */ = {isa = PBXFileReference; lastKnownFileType = text.plist.xml; path = Info.plist; sourceTree = "<group>"; };
		CE3EB4F51F02024C004D1782 /* Blind BiteTests.xctest */ = {isa = PBXFileReference; explicitFileType = wrapper.cfbundle; includeInIndex = 0; path = "Blind BiteTests.xctest"; sourceTree = BUILT_PRODUCTS_DIR; };
		CE3EB4F91F02024C004D1782 /* Blind_BiteTests.swift */ = {isa = PBXFileReference; lastKnownFileType = sourcecode.swift; path = Blind_BiteTests.swift; sourceTree = "<group>"; };
		CE3EB4FB1F02024C004D1782 /* Info.plist */ = {isa = PBXFileReference; lastKnownFileType = text.plist.xml; path = Info.plist; sourceTree = "<group>"; };
		CE3EB5001F02024C004D1782 /* Blind BiteUITests.xctest */ = {isa = PBXFileReference; explicitFileType = wrapper.cfbundle; includeInIndex = 0; path = "Blind BiteUITests.xctest"; sourceTree = BUILT_PRODUCTS_DIR; };
		CE3EB5041F02024C004D1782 /* Blind_BiteUITests.swift */ = {isa = PBXFileReference; lastKnownFileType = sourcecode.swift; path = Blind_BiteUITests.swift; sourceTree = "<group>"; };
		CE3EB5061F02024C004D1782 /* Info.plist */ = {isa = PBXFileReference; lastKnownFileType = text.plist.xml; path = Info.plist; sourceTree = "<group>"; };
		CE58FEAC1F2850D6004B38A0 /* GoogleService-Info.plist */ = {isa = PBXFileReference; fileEncoding = 4; lastKnownFileType = text.plist.xml; path = "GoogleService-Info.plist"; sourceTree = "<group>"; };
		CEDC32D91F3031EE00A61069 /* Blind Bite-Bridging-Header.h */ = {isa = PBXFileReference; lastKnownFileType = sourcecode.c.h; path = "Blind Bite-Bridging-Header.h"; sourceTree = "<group>"; };
/* End PBXFileReference section */

/* Begin PBXFrameworksBuildPhase section */
		CE3EB4DE1F02024C004D1782 /* Frameworks */ = {
			isa = PBXFrameworksBuildPhase;
			buildActionMask = 2147483647;
			files = (
				E62B85F23202081F8E4AE20E /* Pods_Blind_Bite.framework in Frameworks */,
			);
			runOnlyForDeploymentPostprocessing = 0;
		};
		CE3EB4F21F02024C004D1782 /* Frameworks */ = {
			isa = PBXFrameworksBuildPhase;
			buildActionMask = 2147483647;
			files = (
				560A239D1B2078D90E53F4CB /* Pods_Blind_BiteTests.framework in Frameworks */,
			);
			runOnlyForDeploymentPostprocessing = 0;
		};
		CE3EB4FD1F02024C004D1782 /* Frameworks */ = {
			isa = PBXFrameworksBuildPhase;
			buildActionMask = 2147483647;
			files = (
				E46F11FDCAC76281D24958D7 /* Pods_Blind_BiteUITests.framework in Frameworks */,
			);
			runOnlyForDeploymentPostprocessing = 0;
		};
/* End PBXFrameworksBuildPhase section */

/* Begin PBXGroup section */
		BEC335122DBF37313E882340 /* Frameworks */ = {
			isa = PBXGroup;
			children = (
				9C49ECCA5929A7B3115B0BE1 /* Pods_Blind_Bite.framework */,
				AADCD62938D072BAB884C6A5 /* Pods_Blind_BiteTests.framework */,
				A9215407F407F95197DC311C /* Pods_Blind_BiteUITests.framework */,
			);
			name = Frameworks;
			sourceTree = "<group>";
		};
		CE3EB4D81F02024C004D1782 = {
			isa = PBXGroup;
			children = (
				CE3EB4E31F02024C004D1782 /* Blind Bite */,
				CE3EB4F81F02024C004D1782 /* Blind BiteTests */,
				CE3EB5031F02024C004D1782 /* Blind BiteUITests */,
				CE3EB4E21F02024C004D1782 /* Products */,
				F13417DFD8DB2C607B564EAD /* Pods */,
				BEC335122DBF37313E882340 /* Frameworks */,
			);
			sourceTree = "<group>";
		};
		CE3EB4E21F02024C004D1782 /* Products */ = {
			isa = PBXGroup;
			children = (
				CE3EB4E11F02024C004D1782 /* Blind Bite.app */,
				CE3EB4F51F02024C004D1782 /* Blind BiteTests.xctest */,
				CE3EB5001F02024C004D1782 /* Blind BiteUITests.xctest */,
			);
			name = Products;
			sourceTree = "<group>";
		};
		CE3EB4E31F02024C004D1782 /* Blind Bite */ = {
			isa = PBXGroup;
			children = (
				CE3EB4E41F02024C004D1782 /* AppDelegate.swift */,
				CE3EB4E61F02024C004D1782 /* ViewController.swift */,
				CE3EB4E81F02024C004D1782 /* Main.storyboard */,
				CE3EB4EB1F02024C004D1782 /* Assets.xcassets */,
				CE3EB4ED1F02024C004D1782 /* LaunchScreen.storyboard */,
				CE58FEAC1F2850D6004B38A0 /* GoogleService-Info.plist */,
				CE3EB4F01F02024C004D1782 /* Info.plist */,
				CEDC32D91F3031EE00A61069 /* Blind Bite-Bridging-Header.h */,
			);
			path = "Blind Bite";
			sourceTree = "<group>";
		};
		CE3EB4F81F02024C004D1782 /* Blind BiteTests */ = {
			isa = PBXGroup;
			children = (
				CE3EB4F91F02024C004D1782 /* Blind_BiteTests.swift */,
				CE3EB4FB1F02024C004D1782 /* Info.plist */,
			);
			path = "Blind BiteTests";
			sourceTree = "<group>";
		};
		CE3EB5031F02024C004D1782 /* Blind BiteUITests */ = {
			isa = PBXGroup;
			children = (
				CE3EB5041F02024C004D1782 /* Blind_BiteUITests.swift */,
				CE3EB5061F02024C004D1782 /* Info.plist */,
			);
			path = "Blind BiteUITests";
			sourceTree = "<group>";
		};
		F13417DFD8DB2C607B564EAD /* Pods */ = {
			isa = PBXGroup;
			children = (
				05F468D42118A6DF8250A3EC /* Pods-Blind Bite.debug.xcconfig */,
				A252B8BDF54ED6E4AC69A119 /* Pods-Blind Bite.release.xcconfig */,
				BC42535F82F613F78EEBD96E /* Pods-Blind BiteTests.debug.xcconfig */,
				0D8F815872BAC2BDF199A7A8 /* Pods-Blind BiteTests.release.xcconfig */,
				8862CD817A92FEDC4CD16DD9 /* Pods-Blind BiteUITests.debug.xcconfig */,
				8B63A228E2ECF566DDFF7DD2 /* Pods-Blind BiteUITests.release.xcconfig */,
			);
			name = Pods;
			sourceTree = "<group>";
		};
/* End PBXGroup section */

/* Begin PBXNativeTarget section */
		CE3EB4E01F02024C004D1782 /* Blind Bite */ = {
			isa = PBXNativeTarget;
			buildConfigurationList = CE3EB5091F02024C004D1782 /* Build configuration list for PBXNativeTarget "Blind Bite" */;
			buildPhases = (
				633E5BA048CD05E3933ADA87 /* [CP] Check Pods Manifest.lock */,
				CE3EB4DD1F02024C004D1782 /* Sources */,
				CE3EB4DE1F02024C004D1782 /* Frameworks */,
				CE3EB4DF1F02024C004D1782 /* Resources */,
				B94762DFABB2953DB015773E /* [CP] Embed Pods Frameworks */,
				03A83518E74F6E17576F17CA /* [CP] Copy Pods Resources */,
			);
			buildRules = (
			);
			dependencies = (
			);
			name = "Blind Bite";
			productName = "Blind Bite";
			productReference = CE3EB4E11F02024C004D1782 /* Blind Bite.app */;
			productType = "com.apple.product-type.application";
		};
		CE3EB4F41F02024C004D1782 /* Blind BiteTests */ = {
			isa = PBXNativeTarget;
			buildConfigurationList = CE3EB50C1F02024C004D1782 /* Build configuration list for PBXNativeTarget "Blind BiteTests" */;
			buildPhases = (
				F1C571CE8130FEF08016E3E4 /* [CP] Check Pods Manifest.lock */,
				CE3EB4F11F02024C004D1782 /* Sources */,
				CE3EB4F21F02024C004D1782 /* Frameworks */,
				CE3EB4F31F02024C004D1782 /* Resources */,
				E45973DA41D9D8DE91AF02FA /* [CP] Embed Pods Frameworks */,
				0B688F55DC35B6CB23995A8E /* [CP] Copy Pods Resources */,
			);
			buildRules = (
			);
			dependencies = (
				CE3EB4F71F02024C004D1782 /* PBXTargetDependency */,
			);
			name = "Blind BiteTests";
			productName = "Blind BiteTests";
			productReference = CE3EB4F51F02024C004D1782 /* Blind BiteTests.xctest */;
			productType = "com.apple.product-type.bundle.unit-test";
		};
		CE3EB4FF1F02024C004D1782 /* Blind BiteUITests */ = {
			isa = PBXNativeTarget;
			buildConfigurationList = CE3EB50F1F02024C004D1782 /* Build configuration list for PBXNativeTarget "Blind BiteUITests" */;
			buildPhases = (
				C57DAFB1283EFD748A32EC4C /* [CP] Check Pods Manifest.lock */,
				CE3EB4FC1F02024C004D1782 /* Sources */,
				CE3EB4FD1F02024C004D1782 /* Frameworks */,
				CE3EB4FE1F02024C004D1782 /* Resources */,
				3792A653A3AFA33355FF5771 /* [CP] Embed Pods Frameworks */,
				E09ACF30C8108423D4D38CF5 /* [CP] Copy Pods Resources */,
			);
			buildRules = (
			);
			dependencies = (
				CE3EB5021F02024C004D1782 /* PBXTargetDependency */,
			);
			name = "Blind BiteUITests";
			productName = "Blind BiteUITests";
			productReference = CE3EB5001F02024C004D1782 /* Blind BiteUITests.xctest */;
			productType = "com.apple.product-type.bundle.ui-testing";
		};
/* End PBXNativeTarget section */

/* Begin PBXProject section */
		CE3EB4D91F02024C004D1782 /* Project object */ = {
			isa = PBXProject;
			attributes = {
				LastSwiftUpdateCheck = 0810;
				LastUpgradeCheck = 0810;
				ORGANIZATIONNAME = Aniketh;
				TargetAttributes = {
					CE3EB4E01F02024C004D1782 = {
						CreatedOnToolsVersion = 8.1;
						DevelopmentTeam = J97MKHXHWF;
						LastSwiftMigration = 0810;
						ProvisioningStyle = Automatic;
					};
					CE3EB4F41F02024C004D1782 = {
						CreatedOnToolsVersion = 8.1;
						ProvisioningStyle = Automatic;
						TestTargetID = CE3EB4E01F02024C004D1782;
					};
					CE3EB4FF1F02024C004D1782 = {
						CreatedOnToolsVersion = 8.1;
						ProvisioningStyle = Automatic;
						TestTargetID = CE3EB4E01F02024C004D1782;
					};
				};
			};
			buildConfigurationList = CE3EB4DC1F02024C004D1782 /* Build configuration list for PBXProject "Blind Bite" */;
			compatibilityVersion = "Xcode 3.2";
			developmentRegion = English;
			hasScannedForEncodings = 0;
			knownRegions = (
				en,
				Base,
			);
			mainGroup = CE3EB4D81F02024C004D1782;
			productRefGroup = CE3EB4E21F02024C004D1782 /* Products */;
			projectDirPath = "";
			projectRoot = "";
			targets = (
				CE3EB4E01F02024C004D1782 /* Blind Bite */,
				CE3EB4F41F02024C004D1782 /* Blind BiteTests */,
				CE3EB4FF1F02024C004D1782 /* Blind BiteUITests */,
			);
		};
/* End PBXProject section */

/* Begin PBXResourcesBuildPhase section */
		CE3EB4DF1F02024C004D1782 /* Resources */ = {
			isa = PBXResourcesBuildPhase;
			buildActionMask = 2147483647;
			files = (
				CE3EB4EF1F02024C004D1782 /* LaunchScreen.storyboard in Resources */,
				CE3EB4EC1F02024C004D1782 /* Assets.xcassets in Resources */,
				CE58FEAD1F2850D6004B38A0 /* GoogleService-Info.plist in Resources */,
				CE3EB4EA1F02024C004D1782 /* Main.storyboard in Resources */,
			);
			runOnlyForDeploymentPostprocessing = 0;
		};
		CE3EB4F31F02024C004D1782 /* Resources */ = {
			isa = PBXResourcesBuildPhase;
			buildActionMask = 2147483647;
			files = (
			);
			runOnlyForDeploymentPostprocessing = 0;
		};
		CE3EB4FE1F02024C004D1782 /* Resources */ = {
			isa = PBXResourcesBuildPhase;
			buildActionMask = 2147483647;
			files = (
			);
			runOnlyForDeploymentPostprocessing = 0;
		};
/* End PBXResourcesBuildPhase section */

/* Begin PBXShellScriptBuildPhase section */
		03A83518E74F6E17576F17CA /* [CP] Copy Pods Resources */ = {
			isa = PBXShellScriptBuildPhase;
			buildActionMask = 2147483647;
			files = (
			);
			inputPaths = (
			);
			name = "[CP] Copy Pods Resources";
			outputPaths = (
			);
			runOnlyForDeploymentPostprocessing = 0;
			shellPath = /bin/sh;
			shellScript = "\"${SRCROOT}/Pods/Target Support Files/Pods-Blind Bite/Pods-Blind Bite-resources.sh\"\n";
			showEnvVarsInLog = 0;
		};
		0B688F55DC35B6CB23995A8E /* [CP] Copy Pods Resources */ = {
			isa = PBXShellScriptBuildPhase;
			buildActionMask = 2147483647;
			files = (
			);
			inputPaths = (
			);
			name = "[CP] Copy Pods Resources";
			outputPaths = (
			);
			runOnlyForDeploymentPostprocessing = 0;
			shellPath = /bin/sh;
			shellScript = "\"${SRCROOT}/Pods/Target Support Files/Pods-Blind BiteTests/Pods-Blind BiteTests-resources.sh\"\n";
			showEnvVarsInLog = 0;
		};
		3792A653A3AFA33355FF5771 /* [CP] Embed Pods Frameworks */ = {
			isa = PBXShellScriptBuildPhase;
			buildActionMask = 2147483647;
			files = (
			);
			inputPaths = (
			);
			name = "[CP] Embed Pods Frameworks";
			outputPaths = (
			);
			runOnlyForDeploymentPostprocessing = 0;
			shellPath = /bin/sh;
			shellScript = "\"${SRCROOT}/Pods/Target Support Files/Pods-Blind BiteUITests/Pods-Blind BiteUITests-frameworks.sh\"\n";
			showEnvVarsInLog = 0;
		};
		633E5BA048CD05E3933ADA87 /* [CP] Check Pods Manifest.lock */ = {
			isa = PBXShellScriptBuildPhase;
			buildActionMask = 2147483647;
			files = (
			);
			inputPaths = (
			);
			name = "[CP] Check Pods Manifest.lock";
			outputPaths = (
			);
			runOnlyForDeploymentPostprocessing = 0;
			shellPath = /bin/sh;
			shellScript = "diff \"${PODS_PODFILE_DIR_PATH}/Podfile.lock\" \"${PODS_ROOT}/Manifest.lock\" > /dev/null\nif [ $? != 0 ] ; then\n    # print error to STDERR\n    echo \"error: The sandbox is not in sync with the Podfile.lock. Run 'pod install' or update your CocoaPods installation.\" >&2\n    exit 1\nfi\n";
			showEnvVarsInLog = 0;
		};
		B94762DFABB2953DB015773E /* [CP] Embed Pods Frameworks */ = {
			isa = PBXShellScriptBuildPhase;
			buildActionMask = 2147483647;
			files = (
			);
			inputPaths = (
			);
			name = "[CP] Embed Pods Frameworks";
			outputPaths = (
			);
			runOnlyForDeploymentPostprocessing = 0;
			shellPath = /bin/sh;
			shellScript = "\"${SRCROOT}/Pods/Target Support Files/Pods-Blind Bite/Pods-Blind Bite-frameworks.sh\"\n";
			showEnvVarsInLog = 0;
		};
		C57DAFB1283EFD748A32EC4C /* [CP] Check Pods Manifest.lock */ = {
			isa = PBXShellScriptBuildPhase;
			buildActionMask = 2147483647;
			files = (
			);
			inputPaths = (
			);
			name = "[CP] Check Pods Manifest.lock";
			outputPaths = (
			);
			runOnlyForDeploymentPostprocessing = 0;
			shellPath = /bin/sh;
			shellScript = "diff \"${PODS_PODFILE_DIR_PATH}/Podfile.lock\" \"${PODS_ROOT}/Manifest.lock\" > /dev/null\nif [ $? != 0 ] ; then\n    # print error to STDERR\n    echo \"error: The sandbox is not in sync with the Podfile.lock. Run 'pod install' or update your CocoaPods installation.\" >&2\n    exit 1\nfi\n";
			showEnvVarsInLog = 0;
		};
		E09ACF30C8108423D4D38CF5 /* [CP] Copy Pods Resources */ = {
			isa = PBXShellScriptBuildPhase;
			buildActionMask = 2147483647;
			files = (
			);
			inputPaths = (
			);
			name = "[CP] Copy Pods Resources";
			outputPaths = (
			);
			runOnlyForDeploymentPostprocessing = 0;
			shellPath = /bin/sh;
			shellScript = "\"${SRCROOT}/Pods/Target Support Files/Pods-Blind BiteUITests/Pods-Blind BiteUITests-resources.sh\"\n";
			showEnvVarsInLog = 0;
		};
		E45973DA41D9D8DE91AF02FA /* [CP] Embed Pods Frameworks */ = {
			isa = PBXShellScriptBuildPhase;
			buildActionMask = 2147483647;
			files = (
			);
			inputPaths = (
			);
			name = "[CP] Embed Pods Frameworks";
			outputPaths = (
			);
			runOnlyForDeploymentPostprocessing = 0;
			shellPath = /bin/sh;
			shellScript = "\"${SRCROOT}/Pods/Target Support Files/Pods-Blind BiteTests/Pods-Blind BiteTests-frameworks.sh\"\n";
			showEnvVarsInLog = 0;
		};
		F1C571CE8130FEF08016E3E4 /* [CP] Check Pods Manifest.lock */ = {
			isa = PBXShellScriptBuildPhase;
			buildActionMask = 2147483647;
			files = (
			);
			inputPaths = (
			);
			name = "[CP] Check Pods Manifest.lock";
			outputPaths = (
			);
			runOnlyForDeploymentPostprocessing = 0;
			shellPath = /bin/sh;
			shellScript = "diff \"${PODS_PODFILE_DIR_PATH}/Podfile.lock\" \"${PODS_ROOT}/Manifest.lock\" > /dev/null\nif [ $? != 0 ] ; then\n    # print error to STDERR\n    echo \"error: The sandbox is not in sync with the Podfile.lock. Run 'pod install' or update your CocoaPods installation.\" >&2\n    exit 1\nfi\n";
			showEnvVarsInLog = 0;
		};
/* End PBXShellScriptBuildPhase section */

/* Begin PBXSourcesBuildPhase section */
		CE3EB4DD1F02024C004D1782 /* Sources */ = {
			isa = PBXSourcesBuildPhase;
			buildActionMask = 2147483647;
			files = (
				CE3EB4E71F02024C004D1782 /* ViewController.swift in Sources */,
				CE3EB4E51F02024C004D1782 /* AppDelegate.swift in Sources */,
			);
			runOnlyForDeploymentPostprocessing = 0;
		};
		CE3EB4F11F02024C004D1782 /* Sources */ = {
			isa = PBXSourcesBuildPhase;
			buildActionMask = 2147483647;
			files = (
				CE3EB4FA1F02024C004D1782 /* Blind_BiteTests.swift in Sources */,
			);
			runOnlyForDeploymentPostprocessing = 0;
		};
		CE3EB4FC1F02024C004D1782 /* Sources */ = {
			isa = PBXSourcesBuildPhase;
			buildActionMask = 2147483647;
			files = (
				CE3EB5051F02024C004D1782 /* Blind_BiteUITests.swift in Sources */,
			);
			runOnlyForDeploymentPostprocessing = 0;
		};
/* End PBXSourcesBuildPhase section */

/* Begin PBXTargetDependency section */
		CE3EB4F71F02024C004D1782 /* PBXTargetDependency */ = {
			isa = PBXTargetDependency;
			target = CE3EB4E01F02024C004D1782 /* Blind Bite */;
			targetProxy = CE3EB4F61F02024C004D1782 /* PBXContainerItemProxy */;
		};
		CE3EB5021F02024C004D1782 /* PBXTargetDependency */ = {
			isa = PBXTargetDependency;
			target = CE3EB4E01F02024C004D1782 /* Blind Bite */;
			targetProxy = CE3EB5011F02024C004D1782 /* PBXContainerItemProxy */;
		};
/* End PBXTargetDependency section */

/* Begin PBXVariantGroup section */
		CE3EB4E81F02024C004D1782 /* Main.storyboard */ = {
			isa = PBXVariantGroup;
			children = (
				CE3EB4E91F02024C004D1782 /* Base */,
			);
			name = Main.storyboard;
			sourceTree = "<group>";
		};
		CE3EB4ED1F02024C004D1782 /* LaunchScreen.storyboard */ = {
			isa = PBXVariantGroup;
			children = (
				CE3EB4EE1F02024C004D1782 /* Base */,
			);
			name = LaunchScreen.storyboard;
			sourceTree = "<group>";
		};
/* End PBXVariantGroup section */

/* Begin XCBuildConfiguration section */
		CE3EB5071F02024C004D1782 /* Debug */ = {
			isa = XCBuildConfiguration;
			buildSettings = {
				ALWAYS_SEARCH_USER_PATHS = NO;
				CLANG_ANALYZER_NONNULL = YES;
				CLANG_CXX_LANGUAGE_STANDARD = "gnu++0x";
				CLANG_CXX_LIBRARY = "libc++";
				CLANG_ENABLE_MODULES = YES;
				CLANG_ENABLE_OBJC_ARC = YES;
				CLANG_WARN_BOOL_CONVERSION = YES;
				CLANG_WARN_CONSTANT_CONVERSION = YES;
				CLANG_WARN_DIRECT_OBJC_ISA_USAGE = YES_ERROR;
				CLANG_WARN_DOCUMENTATION_COMMENTS = YES;
				CLANG_WARN_EMPTY_BODY = YES;
				CLANG_WARN_ENUM_CONVERSION = YES;
				CLANG_WARN_INFINITE_RECURSION = YES;
				CLANG_WARN_INT_CONVERSION = YES;
				CLANG_WARN_OBJC_ROOT_CLASS = YES_ERROR;
				CLANG_WARN_SUSPICIOUS_MOVES = YES;
				CLANG_WARN_UNREACHABLE_CODE = YES;
				CLANG_WARN__DUPLICATE_METHOD_MATCH = YES;
				"CODE_SIGN_IDENTITY[sdk=iphoneos*]" = "iPhone Developer";
				COPY_PHASE_STRIP = NO;
				DEBUG_INFORMATION_FORMAT = dwarf;
				ENABLE_STRICT_OBJC_MSGSEND = YES;
				ENABLE_TESTABILITY = YES;
				GCC_C_LANGUAGE_STANDARD = gnu99;
				GCC_DYNAMIC_NO_PIC = NO;
				GCC_NO_COMMON_BLOCKS = YES;
				GCC_OPTIMIZATION_LEVEL = 0;
				GCC_PREPROCESSOR_DEFINITIONS = (
					"DEBUG=1",
					"$(inherited)",
				);
				GCC_WARN_64_TO_32_BIT_CONVERSION = YES;
				GCC_WARN_ABOUT_RETURN_TYPE = YES_ERROR;
				GCC_WARN_UNDECLARED_SELECTOR = YES;
				GCC_WARN_UNINITIALIZED_AUTOS = YES_AGGRESSIVE;
				GCC_WARN_UNUSED_FUNCTION = YES;
				GCC_WARN_UNUSED_VARIABLE = YES;
				IPHONEOS_DEPLOYMENT_TARGET = 10.1;
				MTL_ENABLE_DEBUG_INFO = YES;
				ONLY_ACTIVE_ARCH = YES;
				SDKROOT = iphoneos;
				SWIFT_ACTIVE_COMPILATION_CONDITIONS = DEBUG;
				SWIFT_OPTIMIZATION_LEVEL = "-Onone";
				TARGETED_DEVICE_FAMILY = "1,2";
			};
			name = Debug;
		};
		CE3EB5081F02024C004D1782 /* Release */ = {
			isa = XCBuildConfiguration;
			buildSettings = {
				ALWAYS_SEARCH_USER_PATHS = NO;
				CLANG_ANALYZER_NONNULL = YES;
				CLANG_CXX_LANGUAGE_STANDARD = "gnu++0x";
				CLANG_CXX_LIBRARY = "libc++";
				CLANG_ENABLE_MODULES = YES;
				CLANG_ENABLE_OBJC_ARC = YES;
				CLANG_WARN_BOOL_CONVERSION = YES;
				CLANG_WARN_CONSTANT_CONVERSION = YES;
				CLANG_WARN_DIRECT_OBJC_ISA_USAGE = YES_ERROR;
				CLANG_WARN_DOCUMENTATION_COMMENTS = YES;
				CLANG_WARN_EMPTY_BODY = YES;
				CLANG_WARN_ENUM_CONVERSION = YES;
				CLANG_WARN_INFINITE_RECURSION = YES;
				CLANG_WARN_INT_CONVERSION = YES;
				CLANG_WARN_OBJC_ROOT_CLASS = YES_ERROR;
				CLANG_WARN_SUSPICIOUS_MOVES = YES;
				CLANG_WARN_UNREACHABLE_CODE = YES;
				CLANG_WARN__DUPLICATE_METHOD_MATCH = YES;
				"CODE_SIGN_IDENTITY[sdk=iphoneos*]" = "iPhone Developer";
				COPY_PHASE_STRIP = NO;
				DEBUG_INFORMATION_FORMAT = "dwarf-with-dsym";
				ENABLE_NS_ASSERTIONS = NO;
				ENABLE_STRICT_OBJC_MSGSEND = YES;
				GCC_C_LANGUAGE_STANDARD = gnu99;
				GCC_NO_COMMON_BLOCKS = YES;
				GCC_WARN_64_TO_32_BIT_CONVERSION = YES;
				GCC_WARN_ABOUT_RETURN_TYPE = YES_ERROR;
				GCC_WARN_UNDECLARED_SELECTOR = YES;
				GCC_WARN_UNINITIALIZED_AUTOS = YES_AGGRESSIVE;
				GCC_WARN_UNUSED_FUNCTION = YES;
				GCC_WARN_UNUSED_VARIABLE = YES;
				IPHONEOS_DEPLOYMENT_TARGET = 10.1;
				MTL_ENABLE_DEBUG_INFO = NO;
				SDKROOT = iphoneos;
				SWIFT_OPTIMIZATION_LEVEL = "-Owholemodule";
				TARGETED_DEVICE_FAMILY = "1,2";
				VALIDATE_PRODUCT = YES;
			};
			name = Release;
		};
		CE3EB50A1F02024C004D1782 /* Debug */ = {
			isa = XCBuildConfiguration;
			baseConfigurationReference = 05F468D42118A6DF8250A3EC /* Pods-Blind Bite.debug.xcconfig */;
			buildSettings = {
				ASSETCATALOG_COMPILER_APPICON_NAME = AppIcon;
				CLANG_ENABLE_MODULES = YES;
				DEVELOPMENT_TEAM = J97MKHXHWF;
				INFOPLIST_FILE = "Blind Bite/Info.plist";
				LD_RUNPATH_SEARCH_PATHS = "$(inherited) @executable_path/Frameworks";
				PRODUCT_BUNDLE_IDENTIFIER = "blindbite.Blind-Bite";
				PRODUCT_NAME = "$(TARGET_NAME)";
				SWIFT_OBJC_BRIDGING_HEADER = "Blind Bite/Blind Bite-Bridging-Header.h";
				SWIFT_OPTIMIZATION_LEVEL = "-Onone";
				SWIFT_VERSION = 3.0;
			};
			name = Debug;
		};
		CE3EB50B1F02024C004D1782 /* Release */ = {
			isa = XCBuildConfiguration;
			baseConfigurationReference = A252B8BDF54ED6E4AC69A119 /* Pods-Blind Bite.release.xcconfig */;
			buildSettings = {
				ASSETCATALOG_COMPILER_APPICON_NAME = AppIcon;
				CLANG_ENABLE_MODULES = YES;
				DEVELOPMENT_TEAM = J97MKHXHWF;
				INFOPLIST_FILE = "Blind Bite/Info.plist";
				LD_RUNPATH_SEARCH_PATHS = "$(inherited) @executable_path/Frameworks";
				PRODUCT_BUNDLE_IDENTIFIER = "blindbite.Blind-Bite";
				PRODUCT_NAME = "$(TARGET_NAME)";
				SWIFT_OBJC_BRIDGING_HEADER = "Blind Bite/Blind Bite-Bridging-Header.h";
				SWIFT_VERSION = 3.0;
			};
			name = Release;
		};
		CE3EB50D1F02024C004D1782 /* Debug */ = {
			isa = XCBuildConfiguration;
			baseConfigurationReference = BC42535F82F613F78EEBD96E /* Pods-Blind BiteTests.debug.xcconfig */;
			buildSettings = {
				ALWAYS_EMBED_SWIFT_STANDARD_LIBRARIES = YES;
				BUNDLE_LOADER = "$(TEST_HOST)";
				INFOPLIST_FILE = "Blind BiteTests/Info.plist";
				LD_RUNPATH_SEARCH_PATHS = "$(inherited) @executable_path/Frameworks @loader_path/Frameworks";
				PRODUCT_BUNDLE_IDENTIFIER = "blindbite.Blind-BiteTests";
				PRODUCT_NAME = "$(TARGET_NAME)";
				SWIFT_VERSION = 3.0;
				TEST_HOST = "$(BUILT_PRODUCTS_DIR)/Blind Bite.app/Blind Bite";
			};
			name = Debug;
		};
		CE3EB50E1F02024C004D1782 /* Release */ = {
			isa = XCBuildConfiguration;
			baseConfigurationReference = 0D8F815872BAC2BDF199A7A8 /* Pods-Blind BiteTests.release.xcconfig */;
			buildSettings = {
				ALWAYS_EMBED_SWIFT_STANDARD_LIBRARIES = YES;
				BUNDLE_LOADER = "$(TEST_HOST)";
				INFOPLIST_FILE = "Blind BiteTests/Info.plist";
				LD_RUNPATH_SEARCH_PATHS = "$(inherited) @executable_path/Frameworks @loader_path/Frameworks";
				PRODUCT_BUNDLE_IDENTIFIER = "blindbite.Blind-BiteTests";
				PRODUCT_NAME = "$(TARGET_NAME)";
				SWIFT_VERSION = 3.0;
				TEST_HOST = "$(BUILT_PRODUCTS_DIR)/Blind Bite.app/Blind Bite";
			};
			name = Release;
		};
		CE3EB5101F02024C004D1782 /* Debug */ = {
			isa = XCBuildConfiguration;
			baseConfigurationReference = 8862CD817A92FEDC4CD16DD9 /* Pods-Blind BiteUITests.debug.xcconfig */;
			buildSettings = {
				ALWAYS_EMBED_SWIFT_STANDARD_LIBRARIES = YES;
				INFOPLIST_FILE = "Blind BiteUITests/Info.plist";
				LD_RUNPATH_SEARCH_PATHS = "$(inherited) @executable_path/Frameworks @loader_path/Frameworks";
				PRODUCT_BUNDLE_IDENTIFIER = "blindbite.Blind-BiteUITests";
				PRODUCT_NAME = "$(TARGET_NAME)";
				SWIFT_VERSION = 3.0;
				TEST_TARGET_NAME = "Blind Bite";
			};
			name = Debug;
		};
		CE3EB5111F02024C004D1782 /* Release */ = {
			isa = XCBuildConfiguration;
			baseConfigurationReference = 8B63A228E2ECF566DDFF7DD2 /* Pods-Blind BiteUITests.release.xcconfig */;
			buildSettings = {
				ALWAYS_EMBED_SWIFT_STANDARD_LIBRARIES = YES;
				INFOPLIST_FILE = "Blind BiteUITests/Info.plist";
				LD_RUNPATH_SEARCH_PATHS = "$(inherited) @executable_path/Frameworks @loader_path/Frameworks";
				PRODUCT_BUNDLE_IDENTIFIER = "blindbite.Blind-BiteUITests";
				PRODUCT_NAME = "$(TARGET_NAME)";
				SWIFT_VERSION = 3.0;
				TEST_TARGET_NAME = "Blind Bite";
			};
			name = Release;
		};
/* End XCBuildConfiguration section */

/* Begin XCConfigurationList section */
		CE3EB4DC1F02024C004D1782 /* Build configuration list for PBXProject "Blind Bite" */ = {
			isa = XCConfigurationList;
			buildConfigurations = (
				CE3EB5071F02024C004D1782 /* Debug */,
				CE3EB5081F02024C004D1782 /* Release */,
			);
			defaultConfigurationIsVisible = 0;
			defaultConfigurationName = Release;
		};
		CE3EB5091F02024C004D1782 /* Build configuration list for PBXNativeTarget "Blind Bite" */ = {
			isa = XCConfigurationList;
			buildConfigurations = (
				CE3EB50A1F02024C004D1782 /* Debug */,
				CE3EB50B1F02024C004D1782 /* Release */,
			);
			defaultConfigurationIsVisible = 0;
			defaultConfigurationName = Release;
		};
		CE3EB50C1F02024C004D1782 /* Build configuration list for PBXNativeTarget "Blind BiteTests" */ = {
			isa = XCConfigurationList;
			buildConfigurations = (
				CE3EB50D1F02024C004D1782 /* Debug */,
				CE3EB50E1F02024C004D1782 /* Release */,
			);
			defaultConfigurationIsVisible = 0;
			defaultConfigurationName = Release;
		};
		CE3EB50F1F02024C004D1782 /* Build configuration list for PBXNativeTarget "Blind BiteUITests" */ = {
			isa = XCConfigurationList;
			buildConfigurations = (
				CE3EB5101F02024C004D1782 /* Debug */,
				CE3EB5111F02024C004D1782 /* Release */,
			);
			defaultConfigurationIsVisible = 0;
			defaultConfigurationName = Release;
		};
/* End XCConfigurationList section */
	};
	rootObject = CE3EB4D91F02024C004D1782 /* Project object */;
}
